
Microsoft Visual Studio Solution File, Format Version 12.00
# Visual Studio Version 17
VisualStudioVersion = 17.12.35527.113
MinimumVisualStudioVersion = 10.0.40219.1
Project("{FAE04EC0-301F-11D3-BF4B-00C04F79EFBC}") = "Academix.Server", "Academix.Server\Academix.Server.csproj", "{C05E819B-5C61-4773-A9D2-51F4BE0DE435}"
EndProject
Project("{54A90642-561A-4BB1-A94E-469ADEE60C69}") = "academix.client", "academix.client\academix.client.esproj", "{A32164DD-5BD1-43EF-9AD6-8D4F515D5089}"
EndProject
Global
	GlobalSection(SolutionConfigurationPlatforms) = preSolution
		Debug|Any CPU = Debug|Any CPU
		Release|Any CPU = Release|Any CPU
	EndGlobalSection
	GlobalSection(ProjectConfigurationPlatforms) = postSolution
		{C05E819B-5C61-4773-A9D2-51F4BE0DE435}.Debug|Any CPU.ActiveCfg = Debug|Any CPU
		{C05E819B-5C61-4773-A9D2-51F4BE0DE435}.Debug|Any CPU.Build.0 = Debug|Any CPU
		{C05E819B-5C61-4773-A9D2-51F4BE0DE435}.Release|Any CPU.ActiveCfg = Release|Any CPU
		{C05E819B-5C61-4773-A9D2-51F4BE0DE435}.Release|Any CPU.Build.0 = Release|Any CPU
		{A32164DD-5BD1-43EF-9AD6-8D4F515D5089}.Debug|Any CPU.ActiveCfg = Debug|Any CPU
		{A32164DD-5BD1-43EF-9AD6-8D4F515D5089}.Debug|Any CPU.Build.0 = Debug|Any CPU
		{A32164DD-5BD1-43EF-9AD6-8D4F515D5089}.Debug|Any CPU.Deploy.0 = Debug|Any CPU
		{A32164DD-5BD1-43EF-9AD6-8D4F515D5089}.Release|Any CPU.ActiveCfg = Release|Any CPU
		{A32164DD-5BD1-43EF-9AD6-8D4F515D5089}.Release|Any CPU.Build.0 = Release|Any CPU
		{A32164DD-5BD1-43EF-9AD6-8D4F515D5089}.Release|Any CPU.Deploy.0 = Release|Any CPU
	EndGlobalSection
	GlobalSection(SolutionProperties) = preSolution
		HideSolutionNode = FALSE
	EndGlobalSection
	GlobalSection(ExtensibilityGlobals) = postSolution
		SolutionGuid = {BA011394-029B-45A3-BE82-B5CE9FFE3DDE}
	EndGlobalSection
EndGlobal
